
Microsoft Visual Studio Solution File, Format Version 12.00
# Visual Studio 15
Project("{FAE04EC0-301F-11D3-BF4B-00C04F79EFBC}") = "Assembly-CSharp", "Assembly-CSharp.csproj", "{C95C28B5-5C43-1DA5-DCC3-C602F5076209}"
EndProject
Project("{FAE04EC0-301F-11D3-BF4B-00C04F79EFBC}") = "FootStoneProtocol", "..\FootStoneProtocol\FootStoneProtocol.csproj", "{24560466-B329-413A-9530-07B12AC58A65}"
EndProject
Global
	GlobalSection(SolutionConfigurationPlatforms) = preSolution
		Debug|Any CPU = Debug|Any CPU
		Release|Any CPU = Release|Any CPU
	EndGlobalSection
	GlobalSection(ProjectConfigurationPlatforms) = postSolution
		{C95C28B5-5C43-1DA5-DCC3-C602F5076209}.Debug|Any CPU.ActiveCfg = Debug|Any CPU
		{C95C28B5-5C43-1DA5-DCC3-C602F5076209}.Debug|Any CPU.Build.0 = Debug|Any CPU
		{C95C28B5-5C43-1DA5-DCC3-C602F5076209}.Release|Any CPU.ActiveCfg = Release|Any CPU
		{C95C28B5-5C43-1DA5-DCC3-C602F5076209}.Release|Any CPU.Build.0 = Release|Any CPU
		{24560466-B329-413A-9530-07B12AC58A65}.Debug|Any CPU.ActiveCfg = Debug|Any CPU
		{24560466-B329-413A-9530-07B12AC58A65}.Debug|Any CPU.Build.0 = Debug|Any CPU
		{24560466-B329-413A-9530-07B12AC58A65}.Release|Any CPU.ActiveCfg = Release|Any CPU
		{24560466-B329-413A-9530-07B12AC58A65}.Release|Any CPU.Build.0 = Release|Any CPU
	EndGlobalSection
	GlobalSection(SolutionProperties) = preSolution
		HideSolutionNode = FALSE
	EndGlobalSection
EndGlobal
